
Microsoft Visual Studio Solution File, Format Version 12.00
# Visual Studio Version 16
VisualStudioVersion = 16.0.30523.141
MinimumVisualStudioVersion = 10.0.40219.1
Project("{FAE04EC0-301F-11D3-BF4B-00C04F79EFBC}") = "MySQLConnection", "MySQLConnection.csproj", "{0EBBB736-C952-4E4E-9DAE-6BF365721D1E}"
EndProject
Project("{FAE04EC0-301F-11D3-BF4B-00C04F79EFBC}") = "MySQLLibrary", "..\MySQLLibrary\MySQLLibrary.csproj", "{C3DAEFA2-48B3-43CD-B750-F59F8A65D521}"
EndProject
Global
	GlobalSection(SolutionConfigurationPlatforms) = preSolution
		Debug|Any CPU = Debug|Any CPU
		Release|Any CPU = Release|Any CPU
	EndGlobalSection
	GlobalSection(ProjectConfigurationPlatforms) = postSolution
		{0EBBB736-C952-4E4E-9DAE-6BF365721D1E}.Debug|Any CPU.ActiveCfg = Debug|Any CPU
		{0EBBB736-C952-4E4E-9DAE-6BF365721D1E}.Debug|Any CPU.Build.0 = Debug|Any CPU
		{0EBBB736-C952-4E4E-9DAE-6BF365721D1E}.Release|Any CPU.ActiveCfg = Release|Any CPU
		{0EBBB736-C952-4E4E-9DAE-6BF365721D1E}.Release|Any CPU.Build.0 = Release|Any CPU
		{C3DAEFA2-48B3-43CD-B750-F59F8A65D521}.Debug|Any CPU.ActiveCfg = Debug|Any CPU
		{C3DAEFA2-48B3-43CD-B750-F59F8A65D521}.Debug|Any CPU.Build.0 = Debug|Any CPU
		{C3DAEFA2-48B3-43CD-B750-F59F8A65D521}.Release|Any CPU.ActiveCfg = Release|Any CPU
		{C3DAEFA2-48B3-43CD-B750-F59F8A65D521}.Release|Any CPU.Build.0 = Release|Any CPU
	EndGlobalSection
	GlobalSection(SolutionProperties) = preSolution
		HideSolutionNode = FALSE
	EndGlobalSection
	GlobalSection(ExtensibilityGlobals) = postSolution
		SolutionGuid = {CB5CB1B3-728F-4EC0-8E76-B7138E544B3D}
	EndGlobalSection
EndGlobal
